
Microsoft Visual Studio Solution File, Format Version 12.00
# Visual Studio 2013
Project("{FAE04EC0-301F-11D3-BF4B-00C04F79EFBC}") = "UnityVS.performace_test.CSharp.Editor", "UnityVS.performace_test.CSharp.Editor.csproj", "{821D8F15-E183-2F44-CA58-89185EC167FD}"
EndProject
Project("{FAE04EC0-301F-11D3-BF4B-00C04F79EFBC}") = "UnityVS.performace_test.CSharp", "UnityVS.performace_test.CSharp.csproj", "{5030763B-ED0D-1666-263A-BB7CFB8FCB5D}"
EndProject
Global
	GlobalSection(SolutionConfigurationPlatforms) = preSolution
		Debug|Any CPU = Debug|Any CPU
		Release|Any CPU = Release|Any CPU
	EndGlobalSection
	GlobalSection(ProjectConfigurationPlatforms) = postSolution
		{821D8F15-E183-2F44-CA58-89185EC167FD}.Debug|Any CPU.ActiveCfg = Debug|Any CPU
		{821D8F15-E183-2F44-CA58-89185EC167FD}.Debug|Any CPU.Build.0 = Debug|Any CPU
		{821D8F15-E183-2F44-CA58-89185EC167FD}.Release|Any CPU.ActiveCfg = Release|Any CPU
		{821D8F15-E183-2F44-CA58-89185EC167FD}.Release|Any CPU.Build.0 = Release|Any CPU
		{5030763B-ED0D-1666-263A-BB7CFB8FCB5D}.Debug|Any CPU.ActiveCfg = Debug|Any CPU
		{5030763B-ED0D-1666-263A-BB7CFB8FCB5D}.Debug|Any CPU.Build.0 = Debug|Any CPU
		{5030763B-ED0D-1666-263A-BB7CFB8FCB5D}.Release|Any CPU.ActiveCfg = Release|Any CPU
		{5030763B-ED0D-1666-263A-BB7CFB8FCB5D}.Release|Any CPU.Build.0 = Release|Any CPU
	EndGlobalSection
	GlobalSection(SolutionProperties) = preSolution
		HideSolutionNode = FALSE
	EndGlobalSection
EndGlobal
